// !$*UTF8*$!
{
	archiveVersion = 1;
	classes = {
	};
	objectVersion = 46;
	objects = {

/* Begin PBXBuildFile section */
		72699032092EF5060AD07906 /* libPods-HZBicycle.a in Frameworks */ = {isa = PBXBuildFile; fileRef = B01E247077F86EF4D76FA10E /* libPods-HZBicycle.a */; };
		9B946B667AAB42B3DCC29299 /* libPods-HZBicycleTests.a in Frameworks */ = {isa = PBXBuildFile; fileRef = 6BCE6ED818D3F0560B76B9A0 /* libPods-HZBicycleTests.a */; };
		DFD2BB5A8813F20C23AF93B6 /* libPods-HZBicycleUITests.a in Frameworks */ = {isa = PBXBuildFile; fileRef = A5B762FBC5FC15352A619AC8 /* libPods-HZBicycleUITests.a */; };
		E001D0661DEE7D3C00CCE77F /* HBNaviManager.m in Sources */ = {isa = PBXBuildFile; fileRef = E001D0651DEE7D3C00CCE77F /* HBNaviManager.m */; };
		E00C937B1E011E7D009D4775 /* UIView+FHExtension.m in Sources */ = {isa = PBXBuildFile; fileRef = E00C937A1E011E7D009D4775 /* UIView+FHExtension.m */; };
		E013EDD91DC9C3D5008F4259 /* HBBicyclePointAnnotation.m in Sources */ = {isa = PBXBuildFile; fileRef = E013EDD81DC9C3D5008F4259 /* HBBicyclePointAnnotation.m */; };
		E013EDDE1DCC5B90008F4259 /* HBBaseRoundButton.m in Sources */ = {isa = PBXBuildFile; fileRef = E013EDDD1DCC5B8F008F4259 /* HBBaseRoundButton.m */; };
		E013EDE21DCC642F008F4259 /* UIButton+FHExtension.m in Sources */ = {isa = PBXBuildFile; fileRef = E013EDE11DCC642F008F4259 /* UIButton+FHExtension.m */; };
		E013EDE51DCC835E008F4259 /* MainSettingViewController.m in Sources */ = {isa = PBXBuildFile; fileRef = E013EDE41DCC835E008F4259 /* MainSettingViewController.m */; };
		E013EDE91DCC8B09008F4259 /* HBBicycleNavigationController.m in Sources */ = {isa = PBXBuildFile; fileRef = E013EDE81DCC8B09008F4259 /* HBBicycleNavigationController.m */; };
		E0279D7B1E31EAA200BF1340 /* HBRealTimeNaviController.m in Sources */ = {isa = PBXBuildFile; fileRef = E0279D7A1E31EAA200BF1340 /* HBRealTimeNaviController.m */; };
		E029C22C1DD199A700FC017B /* UINavigationBar+Awesome.m in Sources */ = {isa = PBXBuildFile; fileRef = E029C22B1DD199A700FC017B /* UINavigationBar+Awesome.m */; };
		E029C2311DD19A8000FC017B /* HBBicycleAccuracyCell.m in Sources */ = {isa = PBXBuildFile; fileRef = E029C22F1DD19A8000FC017B /* HBBicycleAccuracyCell.m */; };
		E029C2321DD19A8000FC017B /* HBBicycleAccuracyCell.xib in Resources */ = {isa = PBXBuildFile; fileRef = E029C2301DD19A8000FC017B /* HBBicycleAccuracyCell.xib */; };
		E029C2351DD1A74F00FC017B /* HBBaseViewController.m in Sources */ = {isa = PBXBuildFile; fileRef = E029C2341DD1A74F00FC017B /* HBBaseViewController.m */; };
		E040861E1DF685F800457E23 /* MainNaviViewController.m in Sources */ = {isa = PBXBuildFile; fileRef = E040861D1DF685F800457E23 /* MainNaviViewController.m */; };
		E04086211DF6A05A00457E23 /* HBBaseMapView.m in Sources */ = {isa = PBXBuildFile; fileRef = E04086201DF6A05A00457E23 /* HBBaseMapView.m */; };
		E04086251DF7DA4500457E23 /* HBNaviMenuView.m in Sources */ = {isa = PBXBuildFile; fileRef = E04086241DF7DA4500457E23 /* HBNaviMenuView.m */; };
		E0630A9F1DB9C44C0012EA3A /* main.m in Sources */ = {isa = PBXBuildFile; fileRef = E0630A9E1DB9C44C0012EA3A /* main.m */; };
		E0630AA21DB9C44C0012EA3A /* AppDelegate.m in Sources */ = {isa = PBXBuildFile; fileRef = E0630AA11DB9C44C0012EA3A /* AppDelegate.m */; };
		E0630AA81DB9C44C0012EA3A /* Main.storyboard in Resources */ = {isa = PBXBuildFile; fileRef = E0630AA61DB9C44C0012EA3A /* Main.storyboard */; };
		E0630AAA1DB9C44C0012EA3A /* Assets.xcassets in Resources */ = {isa = PBXBuildFile; fileRef = E0630AA91DB9C44C0012EA3A /* Assets.xcassets */; };
		E0630AAD1DB9C44C0012EA3A /* LaunchScreen.storyboard in Resources */ = {isa = PBXBuildFile; fileRef = E0630AAB1DB9C44C0012EA3A /* LaunchScreen.storyboard */; };
		E0630AB81DB9C44C0012EA3A /* HZBicycleTests.m in Sources */ = {isa = PBXBuildFile; fileRef = E0630AB71DB9C44C0012EA3A /* HZBicycleTests.m */; };
		E0630AC31DB9C44C0012EA3A /* HZBicycleUITests.m in Sources */ = {isa = PBXBuildFile; fileRef = E0630AC21DB9C44C0012EA3A /* HZBicycleUITests.m */; };
		E0630AD71DB9F0220012EA3A /* HBBaseDataModel.m in Sources */ = {isa = PBXBuildFile; fileRef = E0630AD61DB9F0220012EA3A /* HBBaseDataModel.m */; };
		E0630ADA1DB9F04A0012EA3A /* HBRequestManager.m in Sources */ = {isa = PBXBuildFile; fileRef = E0630AD91DB9F04A0012EA3A /* HBRequestManager.m */; };
		E0630AE61DB9F1710012EA3A /* HBBicycleBaseModel.m in Sources */ = {isa = PBXBuildFile; fileRef = E0630AE41DB9F1710012EA3A /* HBBicycleBaseModel.m */; };
		E0630AE91DB9F9550012EA3A /* HBBicycleResultModel.m in Sources */ = {isa = PBXBuildFile; fileRef = E0630AE81DB9F9550012EA3A /* HBBicycleResultModel.m */; };
		E0630AEC1DB9FA760012EA3A /* HBBicycleStationModel.m in Sources */ = {isa = PBXBuildFile; fileRef = E0630AEB1DB9FA760012EA3A /* HBBicycleStationModel.m */; };
		E0630AF41DBDB41C0012EA3A /* NSDictionary+FHExtension.m in Sources */ = {isa = PBXBuildFile; fileRef = E0630AF31DBDB41C0012EA3A /* NSDictionary+FHExtension.m */; };
		E0630AF81DBDFE6A0012EA3A /* Foundation+Log.m in Sources */ = {isa = PBXBuildFile; fileRef = E0630AF71DBDFE6A0012EA3A /* Foundation+Log.m */; };
		E06DD0C71DD9CB000024039D /* HBUserDefultsManager.m in Sources */ = {isa = PBXBuildFile; fileRef = E06DD0C61DD9CB000024039D /* HBUserDefultsManager.m */; };
		E06DD0CA1DD9F3BC0024039D /* HBSearchBar.m in Sources */ = {isa = PBXBuildFile; fileRef = E06DD0C91DD9F3BC0024039D /* HBSearchBar.m */; };
		E06DD0CD1DDAA0D00024039D /* MainSearchViewController.m in Sources */ = {isa = PBXBuildFile; fileRef = E06DD0CC1DDAA0D00024039D /* MainSearchViewController.m */; };
		E06DD0D11DDAAB7C0024039D /* HBSearchTransition.m in Sources */ = {isa = PBXBuildFile; fileRef = E06DD0D01DDAAB7C0024039D /* HBSearchTransition.m */; };
		E06DD0D61DDAC16B0024039D /* HBQuickSearchCell.m in Sources */ = {isa = PBXBuildFile; fileRef = E06DD0D41DDAC16B0024039D /* HBQuickSearchCell.m */; };
		E06DD0D71DDAC16B0024039D /* HBQuickSearchCell.xib in Resources */ = {isa = PBXBuildFile; fileRef = E06DD0D51DDAC16B0024039D /* HBQuickSearchCell.xib */; };
		E06DD0DB1DDAD6FE0024039D /* HBSearchResultCell.m in Sources */ = {isa = PBXBuildFile; fileRef = E06DD0D91DDAD6FE0024039D /* HBSearchResultCell.m */; };
		E06DD0DC1DDAD6FE0024039D /* HBSearchResultCell.xib in Resources */ = {isa = PBXBuildFile; fileRef = E06DD0DA1DDAD6FE0024039D /* HBSearchResultCell.xib */; };
		E06DD0DF1DDB22310024039D /* HBStationsViewController.m in Sources */ = {isa = PBXBuildFile; fileRef = E06DD0DE1DDB22310024039D /* HBStationsViewController.m */; };
		E06DD0E31DDB31980024039D /* HBStationsFlowLayout.m in Sources */ = {isa = PBXBuildFile; fileRef = E06DD0E21DDB31980024039D /* HBStationsFlowLayout.m */; };
		E08DD5701DC6F90700064283 /* HBMapManager.m in Sources */ = {isa = PBXBuildFile; fileRef = E08DD56D1DC6F90700064283 /* HBMapManager.m */; };
		E08DD5711DC6F90700064283 /* HBOfflineMapManager.m in Sources */ = {isa = PBXBuildFile; fileRef = E08DD56F1DC6F90700064283 /* HBOfflineMapManager.m */; };
		E08DD5761DC7401900064283 /* HBLocationButton.m in Sources */ = {isa = PBXBuildFile; fileRef = E08DD5751DC7401900064283 /* HBLocationButton.m */; };
		E08DD5791DC876BB00064283 /* HBBicyclePopView.m in Sources */ = {isa = PBXBuildFile; fileRef = E08DD5781DC876BA00064283 /* HBBicyclePopView.m */; };
		E08DD57E1DC87C3900064283 /* ViewController.m in Sources */ = {isa = PBXBuildFile; fileRef = E08DD57D1DC87C3900064283 /* ViewController.m */; };
		E08DD5811DC8984900064283 /* HBBicycleAnnotationView.m in Sources */ = {isa = PBXBuildFile; fileRef = E08DD5801DC8984900064283 /* HBBicycleAnnotationView.m */; };
		E09E603A1DD1B65900956F1C /* HBOfflineMapCell.m in Sources */ = {isa = PBXBuildFile; fileRef = E09E60381DD1B65900956F1C /* HBOfflineMapCell.m */; };
		E09E603B1DD1B65900956F1C /* HBOfflineMapCell.xib in Resources */ = {isa = PBXBuildFile; fileRef = E09E60391DD1B65900956F1C /* HBOfflineMapCell.xib */; };
		E09E603F1DD2C1BF00956F1C /* HBDownloadButton.m in Sources */ = {isa = PBXBuildFile; fileRef = E09E603E1DD2C1BF00956F1C /* HBDownloadButton.m */; };
		E0CA66AD1DF655BC0048E4C0 /* NSDate+FHExtension.m in Sources */ = {isa = PBXBuildFile; fileRef = E0CA66AC1DF655BC0048E4C0 /* NSDate+FHExtension.m */; };
		E0CF371C1DDBF261002F9746 /* UIImage+FHExtension.m in Sources */ = {isa = PBXBuildFile; fileRef = E0CF371A1DDBF261002F9746 /* UIImage+FHExtension.m */; };
		E0CF37241DDBF843002F9746 /* HBStationCell.m in Sources */ = {isa = PBXBuildFile; fileRef = E0CF37221DDBF843002F9746 /* HBStationCell.m */; };
		E0CF37251DDBF843002F9746 /* HBStationCell.xib in Resources */ = {isa = PBXBuildFile; fileRef = E0CF37231DDBF843002F9746 /* HBStationCell.xib */; };
		E0CF37281DDD7C9F002F9746 /* HBPresentStationViewController.m in Sources */ = {isa = PBXBuildFile; fileRef = E0CF37271DDD7C9F002F9746 /* HBPresentStationViewController.m */; };
		E0CF37311DDDA598002F9746 /* HBDefaultSettingCell.m in Sources */ = {isa = PBXBuildFile; fileRef = E0CF372F1DDDA598002F9746 /* HBDefaultSettingCell.m */; };
		E0CF37351DDEBF03002F9746 /* HBHUDManager.m in Sources */ = {isa = PBXBuildFile; fileRef = E0CF37341DDEBF03002F9746 /* HBHUDManager.m */; };
		E0CF37391DDED193002F9746 /* HBAboutBicycleViewController.m in Sources */ = {isa = PBXBuildFile; fileRef = E0CF37371DDED193002F9746 /* HBAboutBicycleViewController.m */; };
		E0E079751DBF453E0028AB83 /* MainBicycleViewController.m in Sources */ = {isa = PBXBuildFile; fileRef = E0E079741DBF453E0028AB83 /* MainBicycleViewController.m */; };
		E0E8903A1E0118DB00793154 /* HBNaviTitleView.m in Sources */ = {isa = PBXBuildFile; fileRef = E0E890391E0118DB00793154 /* HBNaviTitleView.m */; };
/* End PBXBuildFile section */

/* Begin PBXContainerItemProxy section */
		E0630AB41DB9C44C0012EA3A /* PBXContainerItemProxy */ = {
			isa = PBXContainerItemProxy;
			containerPortal = E0630A921DB9C44C0012EA3A /* Project object */;
			proxyType = 1;
			remoteGlobalIDString = E0630A991DB9C44C0012EA3A;
			remoteInfo = HZBicycle;
		};
		E0630ABF1DB9C44C0012EA3A /* PBXContainerItemProxy */ = {
			isa = PBXContainerItemProxy;
			containerPortal = E0630A921DB9C44C0012EA3A /* Project object */;
			proxyType = 1;
			remoteGlobalIDString = E0630A991DB9C44C0012EA3A;
			remoteInfo = HZBicycle;
		};
/* End PBXContainerItemProxy section */

/* Begin PBXFileReference section */
		0CBA75B2B4F8B78B4418E98B /* Pods-HZBicycle.release.xcconfig */ = {isa = PBXFileReference; includeInIndex = 1; lastKnownFileType = text.xcconfig; name = "Pods-HZBicycle.release.xcconfig"; path = "Pods/Target Support Files/Pods-HZBicycle/Pods-HZBicycle.release.xcconfig"; sourceTree = "<group>"; };
		333A91589889BE4F39C78F19 /* Pods-HZBicycleUITests.release.xcconfig */ = {isa = PBXFileReference; includeInIndex = 1; lastKnownFileType = text.xcconfig; name = "Pods-HZBicycleUITests.release.xcconfig"; path = "Pods/Target Support Files/Pods-HZBicycleUITests/Pods-HZBicycleUITests.release.xcconfig"; sourceTree = "<group>"; };
		65143C83E9D15029B55E1BAF /* Pods-HZBicycle.debug.xcconfig */ = {isa = PBXFileReference; includeInIndex = 1; lastKnownFileType = text.xcconfig; name = "Pods-HZBicycle.debug.xcconfig"; path = "Pods/Target Support Files/Pods-HZBicycle/Pods-HZBicycle.debug.xcconfig"; sourceTree = "<group>"; };
		6BCE6ED818D3F0560B76B9A0 /* libPods-HZBicycleTests.a */ = {isa = PBXFileReference; explicitFileType = archive.ar; includeInIndex = 0; path = "libPods-HZBicycleTests.a"; sourceTree = BUILT_PRODUCTS_DIR; };
		A5B762FBC5FC15352A619AC8 /* libPods-HZBicycleUITests.a */ = {isa = PBXFileReference; explicitFileType = archive.ar; includeInIndex = 0; path = "libPods-HZBicycleUITests.a"; sourceTree = BUILT_PRODUCTS_DIR; };
		B01E247077F86EF4D76FA10E /* libPods-HZBicycle.a */ = {isa = PBXFileReference; explicitFileType = archive.ar; includeInIndex = 0; path = "libPods-HZBicycle.a"; sourceTree = BUILT_PRODUCTS_DIR; };
		C5C57AC82A4FB62BFD3D11CF /* Pods-HZBicycleUITests.debug.xcconfig */ = {isa = PBXFileReference; includeInIndex = 1; lastKnownFileType = text.xcconfig; name = "Pods-HZBicycleUITests.debug.xcconfig"; path = "Pods/Target Support Files/Pods-HZBicycleUITests/Pods-HZBicycleUITests.debug.xcconfig"; sourceTree = "<group>"; };
		C9B3D3E98A72296CAC18F66B /* Pods-HZBicycleTests.debug.xcconfig */ = {isa = PBXFileReference; includeInIndex = 1; lastKnownFileType = text.xcconfig; name = "Pods-HZBicycleTests.debug.xcconfig"; path = "Pods/Target Support Files/Pods-HZBicycleTests/Pods-HZBicycleTests.debug.xcconfig"; sourceTree = "<group>"; };
		D38ED513A0D7E76B230AB75F /* Pods-HZBicycleTests.release.xcconfig */ = {isa = PBXFileReference; includeInIndex = 1; lastKnownFileType = text.xcconfig; name = "Pods-HZBicycleTests.release.xcconfig"; path = "Pods/Target Support Files/Pods-HZBicycleTests/Pods-HZBicycleTests.release.xcconfig"; sourceTree = "<group>"; };
		E001D0641DEE7D3C00CCE77F /* HBNaviManager.h */ = {isa = PBXFileReference; fileEncoding = 4; lastKnownFileType = sourcecode.c.h; name = HBNaviManager.h; path = Manager/HBNaviManager.h; sourceTree = "<group>"; };
		E001D0651DEE7D3C00CCE77F /* HBNaviManager.m */ = {isa = PBXFileReference; fileEncoding = 4; lastKnownFileType = sourcecode.c.objc; name = HBNaviManager.m; path = Manager/HBNaviManager.m; sourceTree = "<group>"; };
		E00C93791E011E7D009D4775 /* UIView+FHExtension.h */ = {isa = PBXFileReference; fileEncoding = 4; lastKnownFileType = sourcecode.c.h; path = "UIView+FHExtension.h"; sourceTree = "<group>"; };
		E00C937A1E011E7D009D4775 /* UIView+FHExtension.m */ = {isa = PBXFileReference; fileEncoding = 4; lastKnownFileType = sourcecode.c.objc; path = "UIView+FHExtension.m"; sourceTree = "<group>"; };
		E013EDD71DC9C3D5008F4259 /* HBBicyclePointAnnotation.h */ = {isa = PBXFileReference; fileEncoding = 4; lastKnownFileType = sourcecode.c.h; name = HBBicyclePointAnnotation.h; path = Widgets/HBBicyclePointAnnotation.h; sourceTree = "<group>"; };
		E013EDD81DC9C3D5008F4259 /* HBBicyclePointAnnotation.m */ = {isa = PBXFileReference; fileEncoding = 4; lastKnownFileType = sourcecode.c.objc; name = HBBicyclePointAnnotation.m; path = Widgets/HBBicyclePointAnnotation.m; sourceTree = "<group>"; };
		E013EDDC1DCC5B8F008F4259 /* HBBaseRoundButton.h */ = {isa = PBXFileReference; fileEncoding = 4; lastKnownFileType = sourcecode.c.h; name = HBBaseRoundButton.h; path = Widgets/HBBaseRoundButton.h; sourceTree = "<group>"; };
		E013EDDD1DCC5B8F008F4259 /* HBBaseRoundButton.m */ = {isa = PBXFileReference; fileEncoding = 4; lastKnownFileType = sourcecode.c.objc; name = HBBaseRoundButton.m; path = Widgets/HBBaseRoundButton.m; sourceTree = "<group>"; };
		E013EDE01DCC642F008F4259 /* UIButton+FHExtension.h */ = {isa = PBXFileReference; fileEncoding = 4; lastKnownFileType = sourcecode.c.h; path = "UIButton+FHExtension.h"; sourceTree = "<group>"; };
		E013EDE11DCC642F008F4259 /* UIButton+FHExtension.m */ = {isa = PBXFileReference; fileEncoding = 4; lastKnownFileType = sourcecode.c.objc; path = "UIButton+FHExtension.m"; sourceTree = "<group>"; };
		E013EDE31DCC835E008F4259 /* MainSettingViewController.h */ = {isa = PBXFileReference; fileEncoding = 4; lastKnownFileType = sourcecode.c.h; name = MainSettingViewController.h; path = ViewController/MainSettingViewController.h; sourceTree = "<group>"; };
		E013EDE41DCC835E008F4259 /* MainSettingViewController.m */ = {isa = PBXFileReference; fileEncoding = 4; lastKnownFileType = sourcecode.c.objc; name = MainSettingViewController.m; path = ViewController/MainSettingViewController.m; sourceTree = "<group>"; };
		E013EDE71DCC8B09008F4259 /* HBBicycleNavigationController.h */ = {isa = PBXFileReference; fileEncoding = 4; lastKnownFileType = sourcecode.c.h; name = HBBicycleNavigationController.h; path = NavigationController/HBBicycleNavigationController.h; sourceTree = "<group>"; };
		E013EDE81DCC8B09008F4259 /* HBBicycleNavigationController.m */ = {isa = PBXFileReference; fileEncoding = 4; lastKnownFileType = sourcecode.c.objc; name = HBBicycleNavigationController.m; path = NavigationController/HBBicycleNavigationController.m; sourceTree = "<group>"; };
		E0279D791E31EAA200BF1340 /* HBRealTimeNaviController.h */ = {isa = PBXFileReference; fileEncoding = 4; lastKnownFileType = sourcecode.c.h; name = HBRealTimeNaviController.h; path = ViewController/HBRealTimeNaviController.h; sourceTree = "<group>"; };
		E0279D7A1E31EAA200BF1340 /* HBRealTimeNaviController.m */ = {isa = PBXFileReference; fileEncoding = 4; lastKnownFileType = sourcecode.c.objc; name = HBRealTimeNaviController.m; path = ViewController/HBRealTimeNaviController.m; sourceTree = "<group>"; };
		E029C22A1DD199A700FC017B /* UINavigationBar+Awesome.h */ = {isa = PBXFileReference; fileEncoding = 4; lastKnownFileType = sourcecode.c.h; path = "UINavigationBar+Awesome.h"; sourceTree = "<group>"; };
		E029C22B1DD199A700FC017B /* UINavigationBar+Awesome.m */ = {isa = PBXFileReference; fileEncoding = 4; lastKnownFileType = sourcecode.c.objc; path = "UINavigationBar+Awesome.m"; sourceTree = "<group>"; };
		E029C22E1DD19A8000FC017B /* HBBicycleAccuracyCell.h */ = {isa = PBXFileReference; fileEncoding = 4; lastKnownFileType = sourcecode.c.h; name = HBBicycleAccuracyCell.h; path = Widgets/HBBicycleAccuracyCell.h; sourceTree = "<group>"; };
		E029C22F1DD19A8000FC017B /* HBBicycleAccuracyCell.m */ = {isa = PBXFileReference; fileEncoding = 4; lastKnownFileType = sourcecode.c.objc; name = HBBicycleAccuracyCell.m; path = Widgets/HBBicycleAccuracyCell.m; sourceTree = "<group>"; };
		E029C2301DD19A8000FC017B /* HBBicycleAccuracyCell.xib */ = {isa = PBXFileReference; fileEncoding = 4; lastKnownFileType = file.xib; name = HBBicycleAccuracyCell.xib; path = Widgets/HBBicycleAccuracyCell.xib; sourceTree = "<group>"; };
		E029C2331DD1A74F00FC017B /* HBBaseViewController.h */ = {isa = PBXFileReference; fileEncoding = 4; lastKnownFileType = sourcecode.c.h; name = HBBaseViewController.h; path = ViewController/HBBaseViewController.h; sourceTree = "<group>"; };
		E029C2341DD1A74F00FC017B /* HBBaseViewController.m */ = {isa = PBXFileReference; fileEncoding = 4; lastKnownFileType = sourcecode.c.objc; name = HBBaseViewController.m; path = ViewController/HBBaseViewController.m; sourceTree = "<group>"; };
		E040861C1DF685F800457E23 /* MainNaviViewController.h */ = {isa = PBXFileReference; fileEncoding = 4; lastKnownFileType = sourcecode.c.h; name = MainNaviViewController.h; path = ViewController/MainNaviViewController.h; sourceTree = "<group>"; };
		E040861D1DF685F800457E23 /* MainNaviViewController.m */ = {isa = PBXFileReference; fileEncoding = 4; lastKnownFileType = sourcecode.c.objc; name = MainNaviViewController.m; path = ViewController/MainNaviViewController.m; sourceTree = "<group>"; };
		E040861F1DF6A05A00457E23 /* HBBaseMapView.h */ = {isa = PBXFileReference; fileEncoding = 4; lastKnownFileType = sourcecode.c.h; name = HBBaseMapView.h; path = Widgets/HBBaseMapView.h; sourceTree = "<group>"; };
		E04086201DF6A05A00457E23 /* HBBaseMapView.m */ = {isa = PBXFileReference; fileEncoding = 4; lastKnownFileType = sourcecode.c.objc; name = HBBaseMapView.m; path = Widgets/HBBaseMapView.m; sourceTree = "<group>"; };
		E04086231DF7DA4500457E23 /* HBNaviMenuView.h */ = {isa = PBXFileReference; fileEncoding = 4; lastKnownFileType = sourcecode.c.h; name = HBNaviMenuView.h; path = Widgets/HBNaviMenuView.h; sourceTree = "<group>"; };
		E04086241DF7DA4500457E23 /* HBNaviMenuView.m */ = {isa = PBXFileReference; fileEncoding = 4; lastKnownFileType = sourcecode.c.objc; name = HBNaviMenuView.m; path = Widgets/HBNaviMenuView.m; sourceTree = "<group>"; };
		E0630A9A1DB9C44C0012EA3A /* HZBicycle.app */ = {isa = PBXFileReference; explicitFileType = wrapper.application; includeInIndex = 0; path = HZBicycle.app; sourceTree = BUILT_PRODUCTS_DIR; };
		E0630A9E1DB9C44C0012EA3A /* main.m */ = {isa = PBXFileReference; lastKnownFileType = sourcecode.c.objc; path = main.m; sourceTree = "<group>"; };
		E0630AA01DB9C44C0012EA3A /* AppDelegate.h */ = {isa = PBXFileReference; lastKnownFileType = sourcecode.c.h; path = AppDelegate.h; sourceTree = "<group>"; };
		E0630AA11DB9C44C0012EA3A /* AppDelegate.m */ = {isa = PBXFileReference; lastKnownFileType = sourcecode.c.objc; path = AppDelegate.m; sourceTree = "<group>"; };
		E0630AA71DB9C44C0012EA3A /* Base */ = {isa = PBXFileReference; lastKnownFileType = file.storyboard; name = Base; path = Base.lproj/Main.storyboard; sourceTree = "<group>"; };
		E0630AA91DB9C44C0012EA3A /* Assets.xcassets */ = {isa = PBXFileReference; lastKnownFileType = folder.assetcatalog; path = Assets.xcassets; sourceTree = "<group>"; };
		E0630AAC1DB9C44C0012EA3A /* Base */ = {isa = PBXFileReference; lastKnownFileType = file.storyboard; name = Base; path = Base.lproj/LaunchScreen.storyboard; sourceTree = "<group>"; };
		E0630AAE1DB9C44C0012EA3A /* Info.plist */ = {isa = PBXFileReference; lastKnownFileType = text.plist.xml; path = Info.plist; sourceTree = "<group>"; };
		E0630AB31DB9C44C0012EA3A /* HZBicycleTests.xctest */ = {isa = PBXFileReference; explicitFileType = wrapper.cfbundle; includeInIndex = 0; path = HZBicycleTests.xctest; sourceTree = BUILT_PRODUCTS_DIR; };
		E0630AB71DB9C44C0012EA3A /* HZBicycleTests.m */ = {isa = PBXFileReference; lastKnownFileType = sourcecode.c.objc; path = HZBicycleTests.m; sourceTree = "<group>"; };
		E0630AB91DB9C44C0012EA3A /* Info.plist */ = {isa = PBXFileReference; lastKnownFileType = text.plist.xml; path = Info.plist; sourceTree = "<group>"; };
		E0630ABE1DB9C44C0012EA3A /* HZBicycleUITests.xctest */ = {isa = PBXFileReference; explicitFileType = wrapper.cfbundle; includeInIndex = 0; path = HZBicycleUITests.xctest; sourceTree = BUILT_PRODUCTS_DIR; };
		E0630AC21DB9C44C0012EA3A /* HZBicycleUITests.m */ = {isa = PBXFileReference; lastKnownFileType = sourcecode.c.objc; path = HZBicycleUITests.m; sourceTree = "<group>"; };
		E0630AC41DB9C44C0012EA3A /* Info.plist */ = {isa = PBXFileReference; lastKnownFileType = text.plist.xml; path = Info.plist; sourceTree = "<group>"; };
		E0630AD51DB9F0220012EA3A /* HBBaseDataModel.h */ = {isa = PBXFileReference; fileEncoding = 4; lastKnownFileType = sourcecode.c.h; name = HBBaseDataModel.h; path = Model/HBBaseDataModel.h; sourceTree = "<group>"; };
		E0630AD61DB9F0220012EA3A /* HBBaseDataModel.m */ = {isa = PBXFileReference; fileEncoding = 4; lastKnownFileType = sourcecode.c.objc; name = HBBaseDataModel.m; path = Model/HBBaseDataModel.m; sourceTree = "<group>"; };
		E0630AD81DB9F04A0012EA3A /* HBRequestManager.h */ = {isa = PBXFileReference; fileEncoding = 4; lastKnownFileType = sourcecode.c.h; name = HBRequestManager.h; path = RequestCenter/HBRequestManager.h; sourceTree = "<group>"; };
		E0630AD91DB9F04A0012EA3A /* HBRequestManager.m */ = {isa = PBXFileReference; fileEncoding = 4; lastKnownFileType = sourcecode.c.objc; name = HBRequestManager.m; path = RequestCenter/HBRequestManager.m; sourceTree = "<group>"; };
		E0630AE31DB9F1710012EA3A /* HBBicycleBaseModel.h */ = {isa = PBXFileReference; fileEncoding = 4; lastKnownFileType = sourcecode.c.h; name = HBBicycleBaseModel.h; path = Model/HBBicycleBaseModel.h; sourceTree = "<group>"; };
		E0630AE41DB9F1710012EA3A /* HBBicycleBaseModel.m */ = {isa = PBXFileReference; fileEncoding = 4; lastKnownFileType = sourcecode.c.objc; name = HBBicycleBaseModel.m; path = Model/HBBicycleBaseModel.m; sourceTree = "<group>"; };
		E0630AE71DB9F9550012EA3A /* HBBicycleResultModel.h */ = {isa = PBXFileReference; fileEncoding = 4; lastKnownFileType = sourcecode.c.h; name = HBBicycleResultModel.h; path = RequestCenter/HBBicycleResultModel.h; sourceTree = "<group>"; };
		E0630AE81DB9F9550012EA3A /* HBBicycleResultModel.m */ = {isa = PBXFileReference; fileEncoding = 4; lastKnownFileType = sourcecode.c.objc; name = HBBicycleResultModel.m; path = RequestCenter/HBBicycleResultModel.m; sourceTree = "<group>"; };
		E0630AEA1DB9FA760012EA3A /* HBBicycleStationModel.h */ = {isa = PBXFileReference; fileEncoding = 4; lastKnownFileType = sourcecode.c.h; name = HBBicycleStationModel.h; path = Model/HBBicycleStationModel.h; sourceTree = "<group>"; };
		E0630AEB1DB9FA760012EA3A /* HBBicycleStationModel.m */ = {isa = PBXFileReference; fileEncoding = 4; lastKnownFileType = sourcecode.c.objc; name = HBBicycleStationModel.m; path = Model/HBBicycleStationModel.m; sourceTree = "<group>"; };
		E0630AF11DBDB32F0012EA3A /* PrefixHeader.pch */ = {isa = PBXFileReference; lastKnownFileType = sourcecode.c.h; path = PrefixHeader.pch; sourceTree = "<group>"; };
		E0630AF21DBDB41C0012EA3A /* NSDictionary+FHExtension.h */ = {isa = PBXFileReference; fileEncoding = 4; lastKnownFileType = sourcecode.c.h; name = "NSDictionary+FHExtension.h"; path = "Util/NSDictionary+FHExtension.h"; sourceTree = "<group>"; };
		E0630AF31DBDB41C0012EA3A /* NSDictionary+FHExtension.m */ = {isa = PBXFileReference; fileEncoding = 4; lastKnownFileType = sourcecode.c.objc; name = "NSDictionary+FHExtension.m"; path = "Util/NSDictionary+FHExtension.m"; sourceTree = "<group>"; };
		E0630AF71DBDFE6A0012EA3A /* Foundation+Log.m */ = {isa = PBXFileReference; fileEncoding = 4; lastKnownFileType = sourcecode.c.objc; name = "Foundation+Log.m"; path = "Util/Foundation+Log.m"; sourceTree = "<group>"; };
		E06DD0C51DD9CB000024039D /* HBUserDefultsManager.h */ = {isa = PBXFileReference; fileEncoding = 4; lastKnownFileType = sourcecode.c.h; name = HBUserDefultsManager.h; path = Manager/HBUserDefultsManager.h; sourceTree = "<group>"; };
		E06DD0C61DD9CB000024039D /* HBUserDefultsManager.m */ = {isa = PBXFileReference; fileEncoding = 4; lastKnownFileType = sourcecode.c.objc; name = HBUserDefultsManager.m; path = Manager/HBUserDefultsManager.m; sourceTree = "<group>"; };
		E06DD0C81DD9F3BC0024039D /* HBSearchBar.h */ = {isa = PBXFileReference; fileEncoding = 4; lastKnownFileType = sourcecode.c.h; name = HBSearchBar.h; path = Widgets/HBSearchBar.h; sourceTree = "<group>"; };
		E06DD0C91DD9F3BC0024039D /* HBSearchBar.m */ = {isa = PBXFileReference; fileEncoding = 4; lastKnownFileType = sourcecode.c.objc; name = HBSearchBar.m; path = Widgets/HBSearchBar.m; sourceTree = "<group>"; };
		E06DD0CB1DDAA0D00024039D /* MainSearchViewController.h */ = {isa = PBXFileReference; fileEncoding = 4; lastKnownFileType = sourcecode.c.h; name = MainSearchViewController.h; path = ViewController/MainSearchViewController.h; sourceTree = "<group>"; };
		E06DD0CC1DDAA0D00024039D /* MainSearchViewController.m */ = {isa = PBXFileReference; fileEncoding = 4; lastKnownFileType = sourcecode.c.objc; name = MainSearchViewController.m; path = ViewController/MainSearchViewController.m; sourceTree = "<group>"; };
		E06DD0CF1DDAAB7C0024039D /* HBSearchTransition.h */ = {isa = PBXFileReference; fileEncoding = 4; lastKnownFileType = sourcecode.c.h; name = HBSearchTransition.h; path = Transition/HBSearchTransition.h; sourceTree = "<group>"; };
		E06DD0D01DDAAB7C0024039D /* HBSearchTransition.m */ = {isa = PBXFileReference; fileEncoding = 4; lastKnownFileType = sourcecode.c.objc; name = HBSearchTransition.m; path = Transition/HBSearchTransition.m; sourceTree = "<group>"; };
		E06DD0D31DDAC16B0024039D /* HBQuickSearchCell.h */ = {isa = PBXFileReference; fileEncoding = 4; lastKnownFileType = sourcecode.c.h; name = HBQuickSearchCell.h; path = Widgets/HBQuickSearchCell.h; sourceTree = "<group>"; };
		E06DD0D41DDAC16B0024039D /* HBQuickSearchCell.m */ = {isa = PBXFileReference; fileEncoding = 4; lastKnownFileType = sourcecode.c.objc; name = HBQuickSearchCell.m; path = Widgets/HBQuickSearchCell.m; sourceTree = "<group>"; };
		E06DD0D51DDAC16B0024039D /* HBQuickSearchCell.xib */ = {isa = PBXFileReference; fileEncoding = 4; lastKnownFileType = file.xib; name = HBQuickSearchCell.xib; path = Widgets/HBQuickSearchCell.xib; sourceTree = "<group>"; };
		E06DD0D81DDAD6FE0024039D /* HBSearchResultCell.h */ = {isa = PBXFileReference; fileEncoding = 4; lastKnownFileType = sourcecode.c.h; name = HBSearchResultCell.h; path = Widgets/HBSearchResultCell.h; sourceTree = "<group>"; };
		E06DD0D91DDAD6FE0024039D /* HBSearchResultCell.m */ = {isa = PBXFileReference; fileEncoding = 4; lastKnownFileType = sourcecode.c.objc; name = HBSearchResultCell.m; path = Widgets/HBSearchResultCell.m; sourceTree = "<group>"; };
		E06DD0DA1DDAD6FE0024039D /* HBSearchResultCell.xib */ = {isa = PBXFileReference; fileEncoding = 4; lastKnownFileType = file.xib; name = HBSearchResultCell.xib; path = Widgets/HBSearchResultCell.xib; sourceTree = "<group>"; };
		E06DD0DD1DDB22310024039D /* HBStationsViewController.h */ = {isa = PBXFileReference; fileEncoding = 4; lastKnownFileType = sourcecode.c.h; name = HBStationsViewController.h; path = ViewController/HBStationsViewController.h; sourceTree = "<group>"; };
		E06DD0DE1DDB22310024039D /* HBStationsViewController.m */ = {isa = PBXFileReference; fileEncoding = 4; lastKnownFileType = sourcecode.c.objc; name = HBStationsViewController.m; path = ViewController/HBStationsViewController.m; sourceTree = "<group>"; };
		E06DD0E11DDB31980024039D /* HBStationsFlowLayout.h */ = {isa = PBXFileReference; fileEncoding = 4; lastKnownFileType = sourcecode.c.h; name = HBStationsFlowLayout.h; path = Widgets/HBStationsFlowLayout.h; sourceTree = "<group>"; };
		E06DD0E21DDB31980024039D /* HBStationsFlowLayout.m */ = {isa = PBXFileReference; fileEncoding = 4; lastKnownFileType = sourcecode.c.objc; name = HBStationsFlowLayout.m; path = Widgets/HBStationsFlowLayout.m; sourceTree = "<group>"; };
		E08DD56C1DC6F90700064283 /* HBMapManager.h */ = {isa = PBXFileReference; fileEncoding = 4; lastKnownFileType = sourcecode.c.h; name = HBMapManager.h; path = Manager/HBMapManager.h; sourceTree = "<group>"; };
		E08DD56D1DC6F90700064283 /* HBMapManager.m */ = {isa = PBXFileReference; fileEncoding = 4; lastKnownFileType = sourcecode.c.objc; name = HBMapManager.m; path = Manager/HBMapManager.m; sourceTree = "<group>"; };
		E08DD56E1DC6F90700064283 /* HBOfflineMapManager.h */ = {isa = PBXFileReference; fileEncoding = 4; lastKnownFileType = sourcecode.c.h; name = HBOfflineMapManager.h; path = Manager/HBOfflineMapManager.h; sourceTree = "<group>"; };
		E08DD56F1DC6F90700064283 /* HBOfflineMapManager.m */ = {isa = PBXFileReference; fileEncoding = 4; lastKnownFileType = sourcecode.c.objc; name = HBOfflineMapManager.m; path = Manager/HBOfflineMapManager.m; sourceTree = "<group>"; };
		E08DD5741DC7401800064283 /* HBLocationButton.h */ = {isa = PBXFileReference; fileEncoding = 4; lastKnownFileType = sourcecode.c.h; name = HBLocationButton.h; path = Widgets/HBLocationButton.h; sourceTree = "<group>"; };
		E08DD5751DC7401900064283 /* HBLocationButton.m */ = {isa = PBXFileReference; fileEncoding = 4; lastKnownFileType = sourcecode.c.objc; name = HBLocationButton.m; path = Widgets/HBLocationButton.m; sourceTree = "<group>"; };
		E08DD5771DC876BA00064283 /* HBBicyclePopView.h */ = {isa = PBXFileReference; fileEncoding = 4; lastKnownFileType = sourcecode.c.h; name = HBBicyclePopView.h; path = Widgets/HBBicyclePopView.h; sourceTree = "<group>"; };
		E08DD5781DC876BA00064283 /* HBBicyclePopView.m */ = {isa = PBXFileReference; fileEncoding = 4; lastKnownFileType = sourcecode.c.objc; name = HBBicyclePopView.m; path = Widgets/HBBicyclePopView.m; sourceTree = "<group>"; };
		E08DD57B1DC87C2500064283 /* HBMarco.h */ = {isa = PBXFileReference; lastKnownFileType = sourcecode.c.h; name = HBMarco.h; path = Util/HBMarco.h; sourceTree = "<group>"; };
		E08DD57C1DC87C3900064283 /* ViewController.h */ = {isa = PBXFileReference; fileEncoding = 4; lastKnownFileType = sourcecode.c.h; name = ViewController.h; path = ViewController/ViewController.h; sourceTree = "<group>"; };
		E08DD57D1DC87C3900064283 /* ViewController.m */ = {isa = PBXFileReference; fileEncoding = 4; lastKnownFileType = sourcecode.c.objc; name = ViewController.m; path = ViewController/ViewController.m; sourceTree = "<group>"; };
		E08DD57F1DC8984900064283 /* HBBicycleAnnotationView.h */ = {isa = PBXFileReference; fileEncoding = 4; lastKnownFileType = sourcecode.c.h; name = HBBicycleAnnotationView.h; path = Widgets/HBBicycleAnnotationView.h; sourceTree = "<group>"; };
		E08DD5801DC8984900064283 /* HBBicycleAnnotationView.m */ = {isa = PBXFileReference; fileEncoding = 4; lastKnownFileType = sourcecode.c.objc; name = HBBicycleAnnotationView.m; path = Widgets/HBBicycleAnnotationView.m; sourceTree = "<group>"; };
		E09E60371DD1B65900956F1C /* HBOfflineMapCell.h */ = {isa = PBXFileReference; fileEncoding = 4; lastKnownFileType = sourcecode.c.h; name = HBOfflineMapCell.h; path = Widgets/HBOfflineMapCell.h; sourceTree = "<group>"; };
		E09E60381DD1B65900956F1C /* HBOfflineMapCell.m */ = {isa = PBXFileReference; fileEncoding = 4; lastKnownFileType = sourcecode.c.objc; name = HBOfflineMapCell.m; path = Widgets/HBOfflineMapCell.m; sourceTree = "<group>"; };
		E09E60391DD1B65900956F1C /* HBOfflineMapCell.xib */ = {isa = PBXFileReference; fileEncoding = 4; lastKnownFileType = file.xib; name = HBOfflineMapCell.xib; path = Widgets/HBOfflineMapCell.xib; sourceTree = "<group>"; };
		E09E603D1DD2C1BF00956F1C /* HBDownloadButton.h */ = {isa = PBXFileReference; fileEncoding = 4; lastKnownFileType = sourcecode.c.h; name = HBDownloadButton.h; path = Widgets/HBDownloadButton.h; sourceTree = "<group>"; };
		E09E603E1DD2C1BF00956F1C /* HBDownloadButton.m */ = {isa = PBXFileReference; fileEncoding = 4; lastKnownFileType = sourcecode.c.objc; name = HBDownloadButton.m; path = Widgets/HBDownloadButton.m; sourceTree = "<group>"; };
		E0CA66AB1DF655BC0048E4C0 /* NSDate+FHExtension.h */ = {isa = PBXFileReference; fileEncoding = 4; lastKnownFileType = sourcecode.c.h; path = "NSDate+FHExtension.h"; sourceTree = "<group>"; };
		E0CA66AC1DF655BC0048E4C0 /* NSDate+FHExtension.m */ = {isa = PBXFileReference; fileEncoding = 4; lastKnownFileType = sourcecode.c.objc; path = "NSDate+FHExtension.m"; sourceTree = "<group>"; };
		E0CF37191DDBF261002F9746 /* UIImage+FHExtension.h */ = {isa = PBXFileReference; fileEncoding = 4; lastKnownFileType = sourcecode.c.h; path = "UIImage+FHExtension.h"; sourceTree = "<group>"; };
		E0CF371A1DDBF261002F9746 /* UIImage+FHExtension.m */ = {isa = PBXFileReference; fileEncoding = 4; lastKnownFileType = sourcecode.c.objc; path = "UIImage+FHExtension.m"; sourceTree = "<group>"; };
		E0CF37211DDBF843002F9746 /* HBStationCell.h */ = {isa = PBXFileReference; fileEncoding = 4; lastKnownFileType = sourcecode.c.h; name = HBStationCell.h; path = Widgets/HBStationCell.h; sourceTree = "<group>"; };
		E0CF37221DDBF843002F9746 /* HBStationCell.m */ = {isa = PBXFileReference; fileEncoding = 4; lastKnownFileType = sourcecode.c.objc; name = HBStationCell.m; path = Widgets/HBStationCell.m; sourceTree = "<group>"; };
		E0CF37231DDBF843002F9746 /* HBStationCell.xib */ = {isa = PBXFileReference; fileEncoding = 4; lastKnownFileType = file.xib; name = HBStationCell.xib; path = Widgets/HBStationCell.xib; sourceTree = "<group>"; };
		E0CF37261DDD7C9F002F9746 /* HBPresentStationViewController.h */ = {isa = PBXFileReference; fileEncoding = 4; lastKnownFileType = sourcecode.c.h; name = HBPresentStationViewController.h; path = ViewController/HBPresentStationViewController.h; sourceTree = "<group>"; };
		E0CF37271DDD7C9F002F9746 /* HBPresentStationViewController.m */ = {isa = PBXFileReference; fileEncoding = 4; lastKnownFileType = sourcecode.c.objc; name = HBPresentStationViewController.m; path = ViewController/HBPresentStationViewController.m; sourceTree = "<group>"; };
		E0CF372E1DDDA598002F9746 /* HBDefaultSettingCell.h */ = {isa = PBXFileReference; fileEncoding = 4; lastKnownFileType = sourcecode.c.h; name = HBDefaultSettingCell.h; path = Widgets/HBDefaultSettingCell.h; sourceTree = "<group>"; };
		E0CF372F1DDDA598002F9746 /* HBDefaultSettingCell.m */ = {isa = PBXFileReference; fileEncoding = 4; lastKnownFileType = sourcecode.c.objc; name = HBDefaultSettingCell.m; path = Widgets/HBDefaultSettingCell.m; sourceTree = "<group>"; };
		E0CF37331DDEBF03002F9746 /* HBHUDManager.h */ = {isa = PBXFileReference; fileEncoding = 4; lastKnownFileType = sourcecode.c.h; name = HBHUDManager.h; path = Manager/HBHUDManager.h; sourceTree = "<group>"; };
		E0CF37341DDEBF03002F9746 /* HBHUDManager.m */ = {isa = PBXFileReference; fileEncoding = 4; lastKnownFileType = sourcecode.c.objc; name = HBHUDManager.m; path = Manager/HBHUDManager.m; sourceTree = "<group>"; };
		E0CF37361DDED193002F9746 /* HBAboutBicycleViewController.h */ = {isa = PBXFileReference; fileEncoding = 4; lastKnownFileType = sourcecode.c.h; name = HBAboutBicycleViewController.h; path = ViewController/HBAboutBicycleViewController.h; sourceTree = "<group>"; };
		E0CF37371DDED193002F9746 /* HBAboutBicycleViewController.m */ = {isa = PBXFileReference; fileEncoding = 4; lastKnownFileType = sourcecode.c.objc; name = HBAboutBicycleViewController.m; path = ViewController/HBAboutBicycleViewController.m; sourceTree = "<group>"; };
		E0E079701DBF2B8D0028AB83 /* FHMarco.h */ = {isa = PBXFileReference; fileEncoding = 4; lastKnownFileType = sourcecode.c.h; name = FHMarco.h; path = Util/FHMarco.h; sourceTree = "<group>"; };
		E0E079731DBF453E0028AB83 /* MainBicycleViewController.h */ = {isa = PBXFileReference; fileEncoding = 4; lastKnownFileType = sourcecode.c.h; name = MainBicycleViewController.h; path = ViewController/MainBicycleViewController.h; sourceTree = "<group>"; };
		E0E079741DBF453E0028AB83 /* MainBicycleViewController.m */ = {isa = PBXFileReference; fileEncoding = 4; lastKnownFileType = sourcecode.c.objc; name = MainBicycleViewController.m; path = ViewController/MainBicycleViewController.m; sourceTree = "<group>"; };
		E0E890381E0118DB00793154 /* HBNaviTitleView.h */ = {isa = PBXFileReference; fileEncoding = 4; lastKnownFileType = sourcecode.c.h; name = HBNaviTitleView.h; path = Widgets/HBNaviTitleView.h; sourceTree = "<group>"; };
		E0E890391E0118DB00793154 /* HBNaviTitleView.m */ = {isa = PBXFileReference; fileEncoding = 4; lastKnownFileType = sourcecode.c.objc; name = HBNaviTitleView.m; path = Widgets/HBNaviTitleView.m; sourceTree = "<group>"; };
/* End PBXFileReference section */

/* Begin PBXFrameworksBuildPhase section */
		E0630A971DB9C44C0012EA3A /* Frameworks */ = {
			isa = PBXFrameworksBuildPhase;
			buildActionMask = 2147483647;
			files = (
				72699032092EF5060AD07906 /* libPods-HZBicycle.a in Frameworks */,
			);
			runOnlyForDeploymentPostprocessing = 0;
		};
		E0630AB01DB9C44C0012EA3A /* Frameworks */ = {
			isa = PBXFrameworksBuildPhase;
			buildActionMask = 2147483647;
			files = (
				9B946B667AAB42B3DCC29299 /* libPods-HZBicycleTests.a in Frameworks */,
			);
			runOnlyForDeploymentPostprocessing = 0;
		};
		E0630ABB1DB9C44C0012EA3A /* Frameworks */ = {
			isa = PBXFrameworksBuildPhase;
			buildActionMask = 2147483647;
			files = (
				DFD2BB5A8813F20C23AF93B6 /* libPods-HZBicycleUITests.a in Frameworks */,
			);
			runOnlyForDeploymentPostprocessing = 0;
		};
/* End PBXFrameworksBuildPhase section */

/* Begin PBXGroup section */
		AA632C990899087EEF41E9BD /* Pods */ = {
			isa = PBXGroup;
			children = (
				65143C83E9D15029B55E1BAF /* Pods-HZBicycle.debug.xcconfig */,
				0CBA75B2B4F8B78B4418E98B /* Pods-HZBicycle.release.xcconfig */,
				C9B3D3E98A72296CAC18F66B /* Pods-HZBicycleTests.debug.xcconfig */,
				D38ED513A0D7E76B230AB75F /* Pods-HZBicycleTests.release.xcconfig */,
				C5C57AC82A4FB62BFD3D11CF /* Pods-HZBicycleUITests.debug.xcconfig */,
				333A91589889BE4F39C78F19 /* Pods-HZBicycleUITests.release.xcconfig */,
			);
			name = Pods;
			sourceTree = "<group>";
		};
		E013EDDA1DCC23BE008F4259 /* Annotation */ = {
			isa = PBXGroup;
			children = (
				E08DD5771DC876BA00064283 /* HBBicyclePopView.h */,
				E08DD5781DC876BA00064283 /* HBBicyclePopView.m */,
				E08DD57F1DC8984900064283 /* HBBicycleAnnotationView.h */,
				E08DD5801DC8984900064283 /* HBBicycleAnnotationView.m */,
				E013EDD71DC9C3D5008F4259 /* HBBicyclePointAnnotation.h */,
				E013EDD81DC9C3D5008F4259 /* HBBicyclePointAnnotation.m */,
			);
			name = Annotation;
			sourceTree = "<group>";
		};
		E013EDDB1DCC5697008F4259 /* SearchBar */ = {
			isa = PBXGroup;
			children = (
				E06DD0C81DD9F3BC0024039D /* HBSearchBar.h */,
				E06DD0C91DD9F3BC0024039D /* HBSearchBar.m */,
			);
			name = SearchBar;
			sourceTree = "<group>";
		};
		E013EDDF1DCC5E03008F4259 /* Button */ = {
			isa = PBXGroup;
			children = (
				E08DD5741DC7401800064283 /* HBLocationButton.h */,
				E08DD5751DC7401900064283 /* HBLocationButton.m */,
				E013EDDC1DCC5B8F008F4259 /* HBBaseRoundButton.h */,
				E013EDDD1DCC5B8F008F4259 /* HBBaseRoundButton.m */,
			);
			name = Button;
			sourceTree = "<group>";
		};
		E013EDE61DCC8AD1008F4259 /* NavigationController */ = {
			isa = PBXGroup;
			children = (
				E013EDE71DCC8B09008F4259 /* HBBicycleNavigationController.h */,
				E013EDE81DCC8B09008F4259 /* HBBicycleNavigationController.m */,
				E029C22A1DD199A700FC017B /* UINavigationBar+Awesome.h */,
				E029C22B1DD199A700FC017B /* UINavigationBar+Awesome.m */,
			);
			name = NavigationController;
			sourceTree = "<group>";
		};
		E0279D771E31E27D00BF1340 /* Stations */ = {
			isa = PBXGroup;
			children = (
				E0E079731DBF453E0028AB83 /* MainBicycleViewController.h */,
				E0E079741DBF453E0028AB83 /* MainBicycleViewController.m */,
				E06DD0DD1DDB22310024039D /* HBStationsViewController.h */,
				E06DD0DE1DDB22310024039D /* HBStationsViewController.m */,
			);
			name = Stations;
			sourceTree = "<group>";
		};
		E0279D781E31E29100BF1340 /* Navi */ = {
			isa = PBXGroup;
			children = (
				E040861C1DF685F800457E23 /* MainNaviViewController.h */,
				E040861D1DF685F800457E23 /* MainNaviViewController.m */,
				E0279D791E31EAA200BF1340 /* HBRealTimeNaviController.h */,
				E0279D7A1E31EAA200BF1340 /* HBRealTimeNaviController.m */,
			);
			name = Navi;
			sourceTree = "<group>";
		};
		E029C22D1DD19A3300FC017B /* Cells */ = {
			isa = PBXGroup;
			children = (
				E06DD0D31DDAC16B0024039D /* HBQuickSearchCell.h */,
				E06DD0D41DDAC16B0024039D /* HBQuickSearchCell.m */,
				E06DD0D51DDAC16B0024039D /* HBQuickSearchCell.xib */,
				E06DD0D81DDAD6FE0024039D /* HBSearchResultCell.h */,
				E06DD0D91DDAD6FE0024039D /* HBSearchResultCell.m */,
				E06DD0DA1DDAD6FE0024039D /* HBSearchResultCell.xib */,
				E029C22E1DD19A8000FC017B /* HBBicycleAccuracyCell.h */,
				E029C22F1DD19A8000FC017B /* HBBicycleAccuracyCell.m */,
				E029C2301DD19A8000FC017B /* HBBicycleAccuracyCell.xib */,
				E09E60371DD1B65900956F1C /* HBOfflineMapCell.h */,
				E09E60381DD1B65900956F1C /* HBOfflineMapCell.m */,
				E09E60391DD1B65900956F1C /* HBOfflineMapCell.xib */,
				E09E603D1DD2C1BF00956F1C /* HBDownloadButton.h */,
				E09E603E1DD2C1BF00956F1C /* HBDownloadButton.m */,
				E0CF37211DDBF843002F9746 /* HBStationCell.h */,
				E0CF37221DDBF843002F9746 /* HBStationCell.m */,
				E0CF37231DDBF843002F9746 /* HBStationCell.xib */,
				E0CF372E1DDDA598002F9746 /* HBDefaultSettingCell.h */,
				E0CF372F1DDDA598002F9746 /* HBDefaultSettingCell.m */,
			);
			name = Cells;
			sourceTree = "<group>";
		};
		E04086221DF7DA1500457E23 /* Navi */ = {
			isa = PBXGroup;
			children = (
				E04086231DF7DA4500457E23 /* HBNaviMenuView.h */,
				E04086241DF7DA4500457E23 /* HBNaviMenuView.m */,
				E0E890381E0118DB00793154 /* HBNaviTitleView.h */,
				E0E890391E0118DB00793154 /* HBNaviTitleView.m */,
			);
			name = Navi;
			sourceTree = "<group>";
		};
		E0630A911DB9C44C0012EA3A = {
			isa = PBXGroup;
			children = (
				E0630A9C1DB9C44C0012EA3A /* HZBicycle */,
				E0630AB61DB9C44C0012EA3A /* HZBicycleTests */,
				E0630AC11DB9C44C0012EA3A /* HZBicycleUITests */,
				E0630A9B1DB9C44C0012EA3A /* Products */,
				AA632C990899087EEF41E9BD /* Pods */,
				EABB50E024F3D70F894DA1BE /* Frameworks */,
			);
			sourceTree = "<group>";
		};
		E0630A9B1DB9C44C0012EA3A /* Products */ = {
			isa = PBXGroup;
			children = (
				E0630A9A1DB9C44C0012EA3A /* HZBicycle.app */,
				E0630AB31DB9C44C0012EA3A /* HZBicycleTests.xctest */,
				E0630ABE1DB9C44C0012EA3A /* HZBicycleUITests.xctest */,
			);
			name = Products;
			sourceTree = "<group>";
		};
		E0630A9C1DB9C44C0012EA3A /* HZBicycle */ = {
			isa = PBXGroup;
			children = (
				E06DD0CE1DDAAB4E0024039D /* Transition */,
				E013EDE61DCC8AD1008F4259 /* NavigationController */,
				E08DD5721DC73FDC00064283 /* Widgets */,
				E0E079711DBF45030028AB83 /* ViewController */,
				E0630AF91DBEF11A0012EA3A /* Manager */,
				E0630AED1DBDAD7E0012EA3A /* Util */,
				E0630AD41DB9EF640012EA3A /* Model */,
				E0630AD01DB9EC2B0012EA3A /* RequestCenter */,
				E0630AA01DB9C44C0012EA3A /* AppDelegate.h */,
				E0630AA11DB9C44C0012EA3A /* AppDelegate.m */,
				E0630AA61DB9C44C0012EA3A /* Main.storyboard */,
				E0630AA91DB9C44C0012EA3A /* Assets.xcassets */,
				E0630AAB1DB9C44C0012EA3A /* LaunchScreen.storyboard */,
				E0630AAE1DB9C44C0012EA3A /* Info.plist */,
				E0630A9D1DB9C44C0012EA3A /* Supporting Files */,
			);
			path = HZBicycle;
			sourceTree = "<group>";
		};
		E0630A9D1DB9C44C0012EA3A /* Supporting Files */ = {
			isa = PBXGroup;
			children = (
				E0630A9E1DB9C44C0012EA3A /* main.m */,
				E0630AF11DBDB32F0012EA3A /* PrefixHeader.pch */,
			);
			name = "Supporting Files";
			sourceTree = "<group>";
		};
		E0630AB61DB9C44C0012EA3A /* HZBicycleTests */ = {
			isa = PBXGroup;
			children = (
				E0630AB71DB9C44C0012EA3A /* HZBicycleTests.m */,
				E0630AB91DB9C44C0012EA3A /* Info.plist */,
			);
			path = HZBicycleTests;
			sourceTree = "<group>";
		};
		E0630AC11DB9C44C0012EA3A /* HZBicycleUITests */ = {
			isa = PBXGroup;
			children = (
				E0630AC21DB9C44C0012EA3A /* HZBicycleUITests.m */,
				E0630AC41DB9C44C0012EA3A /* Info.plist */,
			);
			path = HZBicycleUITests;
			sourceTree = "<group>";
		};
		E0630AD01DB9EC2B0012EA3A /* RequestCenter */ = {
			isa = PBXGroup;
			children = (
				E0630AD81DB9F04A0012EA3A /* HBRequestManager.h */,
				E0630AD91DB9F04A0012EA3A /* HBRequestManager.m */,
			);
			name = RequestCenter;
			sourceTree = "<group>";
		};
		E0630AD41DB9EF640012EA3A /* Model */ = {
			isa = PBXGroup;
			children = (
				E0630AD51DB9F0220012EA3A /* HBBaseDataModel.h */,
				E0630AD61DB9F0220012EA3A /* HBBaseDataModel.m */,
				E0630AE31DB9F1710012EA3A /* HBBicycleBaseModel.h */,
				E0630AE41DB9F1710012EA3A /* HBBicycleBaseModel.m */,
				E0630AE71DB9F9550012EA3A /* HBBicycleResultModel.h */,
				E0630AE81DB9F9550012EA3A /* HBBicycleResultModel.m */,
				E0630AEA1DB9FA760012EA3A /* HBBicycleStationModel.h */,
				E0630AEB1DB9FA760012EA3A /* HBBicycleStationModel.m */,
			);
			name = Model;
			sourceTree = "<group>";
		};
		E0630AED1DBDAD7E0012EA3A /* Util */ = {
			isa = PBXGroup;
			children = (
				E0E079701DBF2B8D0028AB83 /* FHMarco.h */,
				E08DD57B1DC87C2500064283 /* HBMarco.h */,
				E0630AF71DBDFE6A0012EA3A /* Foundation+Log.m */,
				E0630AF21DBDB41C0012EA3A /* NSDictionary+FHExtension.h */,
				E0630AF31DBDB41C0012EA3A /* NSDictionary+FHExtension.m */,
				E0CA66AB1DF655BC0048E4C0 /* NSDate+FHExtension.h */,
				E0CA66AC1DF655BC0048E4C0 /* NSDate+FHExtension.m */,
				E013EDE01DCC642F008F4259 /* UIButton+FHExtension.h */,
				E013EDE11DCC642F008F4259 /* UIButton+FHExtension.m */,
				E0CF37191DDBF261002F9746 /* UIImage+FHExtension.h */,
				E0CF371A1DDBF261002F9746 /* UIImage+FHExtension.m */,
				E00C93791E011E7D009D4775 /* UIView+FHExtension.h */,
				E00C937A1E011E7D009D4775 /* UIView+FHExtension.m */,
			);
			name = Util;
			sourceTree = "<group>";
		};
		E0630AF91DBEF11A0012EA3A /* Manager */ = {
			isa = PBXGroup;
			children = (
				E08DD56C1DC6F90700064283 /* HBMapManager.h */,
				E08DD56D1DC6F90700064283 /* HBMapManager.m */,
				E08DD56E1DC6F90700064283 /* HBOfflineMapManager.h */,
				E08DD56F1DC6F90700064283 /* HBOfflineMapManager.m */,
				E001D0641DEE7D3C00CCE77F /* HBNaviManager.h */,
				E001D0651DEE7D3C00CCE77F /* HBNaviManager.m */,
				E06DD0C51DD9CB000024039D /* HBUserDefultsManager.h */,
				E06DD0C61DD9CB000024039D /* HBUserDefultsManager.m */,
				E0CF37331DDEBF03002F9746 /* HBHUDManager.h */,
				E0CF37341DDEBF03002F9746 /* HBHUDManager.m */,
			);
			name = Manager;
			sourceTree = "<group>";
		};
		E06DD0CE1DDAAB4E0024039D /* Transition */ = {
			isa = PBXGroup;
			children = (
				E06DD0CF1DDAAB7C0024039D /* HBSearchTransition.h */,
				E06DD0D01DDAAB7C0024039D /* HBSearchTransition.m */,
			);
			name = Transition;
			sourceTree = "<group>";
		};
		E06DD0E01DDB314D0024039D /* Layout */ = {
			isa = PBXGroup;
			children = (
				E06DD0E11DDB31980024039D /* HBStationsFlowLayout.h */,
				E06DD0E21DDB31980024039D /* HBStationsFlowLayout.m */,
			);
			name = Layout;
			sourceTree = "<group>";
		};
		E08DD5721DC73FDC00064283 /* Widgets */ = {
			isa = PBXGroup;
			children = (
				E04086221DF7DA1500457E23 /* Navi */,
				E06DD0E01DDB314D0024039D /* Layout */,
				E029C22D1DD19A3300FC017B /* Cells */,
				E013EDDF1DCC5E03008F4259 /* Button */,
				E013EDDB1DCC5697008F4259 /* SearchBar */,
				E013EDDA1DCC23BE008F4259 /* Annotation */,
				E040861F1DF6A05A00457E23 /* HBBaseMapView.h */,
				E04086201DF6A05A00457E23 /* HBBaseMapView.m */,
			);
			name = Widgets;
			sourceTree = "<group>";
		};
		E0E079711DBF45030028AB83 /* ViewController */ = {
			isa = PBXGroup;
			children = (
				E0279D781E31E29100BF1340 /* Navi */,
				E0279D771E31E27D00BF1340 /* Stations */,
				E08DD57C1DC87C3900064283 /* ViewController.h */,
				E08DD57D1DC87C3900064283 /* ViewController.m */,
				E029C2331DD1A74F00FC017B /* HBBaseViewController.h */,
				E029C2341DD1A74F00FC017B /* HBBaseViewController.m */,
				E06DD0CB1DDAA0D00024039D /* MainSearchViewController.h */,
				E06DD0CC1DDAA0D00024039D /* MainSearchViewController.m */,
				E013EDE31DCC835E008F4259 /* MainSettingViewController.h */,
				E013EDE41DCC835E008F4259 /* MainSettingViewController.m */,
				E0CF37261DDD7C9F002F9746 /* HBPresentStationViewController.h */,
				E0CF37271DDD7C9F002F9746 /* HBPresentStationViewController.m */,
				E0CF37361DDED193002F9746 /* HBAboutBicycleViewController.h */,
				E0CF37371DDED193002F9746 /* HBAboutBicycleViewController.m */,
			);
			name = ViewController;
			sourceTree = "<group>";
		};
		EABB50E024F3D70F894DA1BE /* Frameworks */ = {
			isa = PBXGroup;
			children = (
				B01E247077F86EF4D76FA10E /* libPods-HZBicycle.a */,
				6BCE6ED818D3F0560B76B9A0 /* libPods-HZBicycleTests.a */,
				A5B762FBC5FC15352A619AC8 /* libPods-HZBicycleUITests.a */,
			);
			name = Frameworks;
			sourceTree = "<group>";
		};
/* End PBXGroup section */

/* Begin PBXNativeTarget section */
		E0630A991DB9C44C0012EA3A /* HZBicycle */ = {
			isa = PBXNativeTarget;
			buildConfigurationList = E0630AC71DB9C44C0012EA3A /* Build configuration list for PBXNativeTarget "HZBicycle" */;
			buildPhases = (
				81D4FE23C5D098DB9FCB3330 /* [CP] Check Pods Manifest.lock */,
				E0630A961DB9C44C0012EA3A /* Sources */,
				E0630A971DB9C44C0012EA3A /* Frameworks */,
				E0630A981DB9C44C0012EA3A /* Resources */,
				80C659F7CEED46792BC39EDF /* [CP] Embed Pods Frameworks */,
				2303FE74B3EAC7720489A402 /* [CP] Copy Pods Resources */,
			);
			buildRules = (
			);
			dependencies = (
			);
			name = HZBicycle;
			productName = HZBicycle;
			productReference = E0630A9A1DB9C44C0012EA3A /* HZBicycle.app */;
			productType = "com.apple.product-type.application";
		};
		E0630AB21DB9C44C0012EA3A /* HZBicycleTests */ = {
			isa = PBXNativeTarget;
			buildConfigurationList = E0630ACA1DB9C44C0012EA3A /* Build configuration list for PBXNativeTarget "HZBicycleTests" */;
			buildPhases = (
				0D317051530793C64700ECE2 /* [CP] Check Pods Manifest.lock */,
				E0630AAF1DB9C44C0012EA3A /* Sources */,
				E0630AB01DB9C44C0012EA3A /* Frameworks */,
				E0630AB11DB9C44C0012EA3A /* Resources */,
				B492B6419ED0739B17AE66D6 /* [CP] Embed Pods Frameworks */,
				8371D28891C201C4EA090073 /* [CP] Copy Pods Resources */,
			);
			buildRules = (
			);
			dependencies = (
				E0630AB51DB9C44C0012EA3A /* PBXTargetDependency */,
			);
			name = HZBicycleTests;
			productName = HZBicycleTests;
			productReference = E0630AB31DB9C44C0012EA3A /* HZBicycleTests.xctest */;
			productType = "com.apple.product-type.bundle.unit-test";
		};
		E0630ABD1DB9C44C0012EA3A /* HZBicycleUITests */ = {
			isa = PBXNativeTarget;
			buildConfigurationList = E0630ACD1DB9C44C0012EA3A /* Build configuration list for PBXNativeTarget "HZBicycleUITests" */;
			buildPhases = (
				5FA2634A329F354E4B3E7455 /* [CP] Check Pods Manifest.lock */,
				E0630ABA1DB9C44C0012EA3A /* Sources */,
				E0630ABB1DB9C44C0012EA3A /* Frameworks */,
				E0630ABC1DB9C44C0012EA3A /* Resources */,
				8FCE992374CC2DA7F794E92D /* [CP] Copy Pods Resources */,
				C791B50408907C197E473C81 /* [CP] Embed Pods Frameworks */,
			);
			buildRules = (
			);
			dependencies = (
				E0630AC01DB9C44C0012EA3A /* PBXTargetDependency */,
			);
			name = HZBicycleUITests;
			productName = HZBicycleUITests;
			productReference = E0630ABE1DB9C44C0012EA3A /* HZBicycleUITests.xctest */;
			productType = "com.apple.product-type.bundle.ui-testing";
		};
/* End PBXNativeTarget section */

/* Begin PBXProject section */
		E0630A921DB9C44C0012EA3A /* Project object */ = {
			isa = PBXProject;
			attributes = {
				LastUpgradeCheck = 0810;
				ORGANIZATIONNAME = MADAO;
				TargetAttributes = {
					E0630A991DB9C44C0012EA3A = {
						CreatedOnToolsVersion = 8.0;
						DevelopmentTeam = 8RG52VJRN9;
						ProvisioningStyle = Automatic;
					};
					E0630AB21DB9C44C0012EA3A = {
						CreatedOnToolsVersion = 8.0;
						DevelopmentTeam = H3MEX3W3VV;
						ProvisioningStyle = Automatic;
						TestTargetID = E0630A991DB9C44C0012EA3A;
					};
					E0630ABD1DB9C44C0012EA3A = {
						CreatedOnToolsVersion = 8.0;
						DevelopmentTeam = H3MEX3W3VV;
						ProvisioningStyle = Automatic;
						TestTargetID = E0630A991DB9C44C0012EA3A;
					};
				};
			};
			buildConfigurationList = E0630A951DB9C44C0012EA3A /* Build configuration list for PBXProject "HZBicycle" */;
			compatibilityVersion = "Xcode 3.2";
			developmentRegion = English;
			hasScannedForEncodings = 0;
			knownRegions = (
				en,
				Base,
			);
			mainGroup = E0630A911DB9C44C0012EA3A;
			productRefGroup = E0630A9B1DB9C44C0012EA3A /* Products */;
			projectDirPath = "";
			projectRoot = "";
			targets = (
				E0630A991DB9C44C0012EA3A /* HZBicycle */,
				E0630AB21DB9C44C0012EA3A /* HZBicycleTests */,
				E0630ABD1DB9C44C0012EA3A /* HZBicycleUITests */,
			);
		};
/* End PBXProject section */

/* Begin PBXResourcesBuildPhase section */
		E0630A981DB9C44C0012EA3A /* Resources */ = {
			isa = PBXResourcesBuildPhase;
			buildActionMask = 2147483647;
			files = (
				E0630AAD1DB9C44C0012EA3A /* LaunchScreen.storyboard in Resources */,
				E0630AAA1DB9C44C0012EA3A /* Assets.xcassets in Resources */,
				E029C2321DD19A8000FC017B /* HBBicycleAccuracyCell.xib in Resources */,
				E06DD0DC1DDAD6FE0024039D /* HBSearchResultCell.xib in Resources */,
				E0630AA81DB9C44C0012EA3A /* Main.storyboard in Resources */,
				E09E603B1DD1B65900956F1C /* HBOfflineMapCell.xib in Resources */,
				E0CF37251DDBF843002F9746 /* HBStationCell.xib in Resources */,
				E06DD0D71DDAC16B0024039D /* HBQuickSearchCell.xib in Resources */,
			);
			runOnlyForDeploymentPostprocessing = 0;
		};
		E0630AB11DB9C44C0012EA3A /* Resources */ = {
			isa = PBXResourcesBuildPhase;
			buildActionMask = 2147483647;
			files = (
			);
			runOnlyForDeploymentPostprocessing = 0;
		};
		E0630ABC1DB9C44C0012EA3A /* Resources */ = {
			isa = PBXResourcesBuildPhase;
			buildActionMask = 2147483647;
			files = (
			);
			runOnlyForDeploymentPostprocessing = 0;
		};
/* End PBXResourcesBuildPhase section */

/* Begin PBXShellScriptBuildPhase section */
		0D317051530793C64700ECE2 /* [CP] Check Pods Manifest.lock */ = {
			isa = PBXShellScriptBuildPhase;
			buildActionMask = 2147483647;
			files = (
			);
			inputPaths = (
			);
			name = "[CP] Check Pods Manifest.lock";
			outputPaths = (
			);
			runOnlyForDeploymentPostprocessing = 0;
			shellPath = /bin/sh;
			shellScript = "diff \"${PODS_ROOT}/../Podfile.lock\" \"${PODS_ROOT}/Manifest.lock\" > /dev/null\nif [ $? != 0 ] ; then\n    # print error to STDERR\n    echo \"error: The sandbox is not in sync with the Podfile.lock. Run 'pod install' or update your CocoaPods installation.\" >&2\n    exit 1\nfi\n";
			showEnvVarsInLog = 0;
		};
		2303FE74B3EAC7720489A402 /* [CP] Copy Pods Resources */ = {
			isa = PBXShellScriptBuildPhase;
			buildActionMask = 2147483647;
			files = (
			);
			inputPaths = (
			);
			name = "[CP] Copy Pods Resources";
			outputPaths = (
			);
			runOnlyForDeploymentPostprocessing = 0;
			shellPath = /bin/sh;
			shellScript = "\"${SRCROOT}/Pods/Target Support Files/Pods-HZBicycle/Pods-HZBicycle-resources.sh\"\n";
			showEnvVarsInLog = 0;
		};
		5FA2634A329F354E4B3E7455 /* [CP] Check Pods Manifest.lock */ = {
			isa = PBXShellScriptBuildPhase;
			buildActionMask = 2147483647;
			files = (
			);
			inputPaths = (
			);
			name = "[CP] Check Pods Manifest.lock";
			outputPaths = (
			);
			runOnlyForDeploymentPostprocessing = 0;
			shellPath = /bin/sh;
			shellScript = "diff \"${PODS_ROOT}/../Podfile.lock\" \"${PODS_ROOT}/Manifest.lock\" > /dev/null\nif [ $? != 0 ] ; then\n    # print error to STDERR\n    echo \"error: The sandbox is not in sync with the Podfile.lock. Run 'pod install' or update your CocoaPods installation.\" >&2\n    exit 1\nfi\n";
			showEnvVarsInLog = 0;
		};
		80C659F7CEED46792BC39EDF /* [CP] Embed Pods Frameworks */ = {
			isa = PBXShellScriptBuildPhase;
			buildActionMask = 2147483647;
			files = (
			);
			inputPaths = (
			);
			name = "[CP] Embed Pods Frameworks";
			outputPaths = (
			);
			runOnlyForDeploymentPostprocessing = 0;
			shellPath = /bin/sh;
			shellScript = "\"${SRCROOT}/Pods/Target Support Files/Pods-HZBicycle/Pods-HZBicycle-frameworks.sh\"\n";
			showEnvVarsInLog = 0;
		};
		81D4FE23C5D098DB9FCB3330 /* [CP] Check Pods Manifest.lock */ = {
			isa = PBXShellScriptBuildPhase;
			buildActionMask = 2147483647;
			files = (
			);
			inputPaths = (
			);
			name = "[CP] Check Pods Manifest.lock";
			outputPaths = (
			);
			runOnlyForDeploymentPostprocessing = 0;
			shellPath = /bin/sh;
			shellScript = "diff \"${PODS_ROOT}/../Podfile.lock\" \"${PODS_ROOT}/Manifest.lock\" > /dev/null\nif [ $? != 0 ] ; then\n    # print error to STDERR\n    echo \"error: The sandbox is not in sync with the Podfile.lock. Run 'pod install' or update your CocoaPods installation.\" >&2\n    exit 1\nfi\n";
			showEnvVarsInLog = 0;
		};
		8371D28891C201C4EA090073 /* [CP] Copy Pods Resources */ = {
			isa = PBXShellScriptBuildPhase;
			buildActionMask = 2147483647;
			files = (
			);
			inputPaths = (
			);
			name = "[CP] Copy Pods Resources";
			outputPaths = (
			);
			runOnlyForDeploymentPostprocessing = 0;
			shellPath = /bin/sh;
			shellScript = "\"${SRCROOT}/Pods/Target Support Files/Pods-HZBicycleTests/Pods-HZBicycleTests-resources.sh\"\n";
			showEnvVarsInLog = 0;
		};
		8FCE992374CC2DA7F794E92D /* [CP] Copy Pods Resources */ = {
			isa = PBXShellScriptBuildPhase;
			buildActionMask = 2147483647;
			files = (
			);
			inputPaths = (
			);
			name = "[CP] Copy Pods Resources";
			outputPaths = (
			);
			runOnlyForDeploymentPostprocessing = 0;
			shellPath = /bin/sh;
			shellScript = "\"${SRCROOT}/Pods/Target Support Files/Pods-HZBicycleUITests/Pods-HZBicycleUITests-resources.sh\"\n";
			showEnvVarsInLog = 0;
		};
		B492B6419ED0739B17AE66D6 /* [CP] Embed Pods Frameworks */ = {
			isa = PBXShellScriptBuildPhase;
			buildActionMask = 2147483647;
			files = (
			);
			inputPaths = (
			);
			name = "[CP] Embed Pods Frameworks";
			outputPaths = (
			);
			runOnlyForDeploymentPostprocessing = 0;
			shellPath = /bin/sh;
			shellScript = "\"${SRCROOT}/Pods/Target Support Files/Pods-HZBicycleTests/Pods-HZBicycleTests-frameworks.sh\"\n";
			showEnvVarsInLog = 0;
		};
		C791B50408907C197E473C81 /* [CP] Embed Pods Frameworks */ = {
			isa = PBXShellScriptBuildPhase;
			buildActionMask = 2147483647;
			files = (
			);
			inputPaths = (
			);
			name = "[CP] Embed Pods Frameworks";
			outputPaths = (
			);
			runOnlyForDeploymentPostprocessing = 0;
			shellPath = /bin/sh;
			shellScript = "\"${SRCROOT}/Pods/Target Support Files/Pods-HZBicycleUITests/Pods-HZBicycleUITests-frameworks.sh\"\n";
			showEnvVarsInLog = 0;
		};
/* End PBXShellScriptBuildPhase section */

/* Begin PBXSourcesBuildPhase section */
		E0630A961DB9C44C0012EA3A /* Sources */ = {
			isa = PBXSourcesBuildPhase;
			buildActionMask = 2147483647;
			files = (
				E0CF37391DDED193002F9746 /* HBAboutBicycleViewController.m in Sources */,
				E08DD5701DC6F90700064283 /* HBMapManager.m in Sources */,
				E0CF37311DDDA598002F9746 /* HBDefaultSettingCell.m in Sources */,
				E0630AE91DB9F9550012EA3A /* HBBicycleResultModel.m in Sources */,
				E0279D7B1E31EAA200BF1340 /* HBRealTimeNaviController.m in Sources */,
				E04086211DF6A05A00457E23 /* HBBaseMapView.m in Sources */,
				E0E079751DBF453E0028AB83 /* MainBicycleViewController.m in Sources */,
				E06DD0C71DD9CB000024039D /* HBUserDefultsManager.m in Sources */,
				E0630AF81DBDFE6A0012EA3A /* Foundation+Log.m in Sources */,
				E0630AEC1DB9FA760012EA3A /* HBBicycleStationModel.m in Sources */,
				E0CA66AD1DF655BC0048E4C0 /* NSDate+FHExtension.m in Sources */,
				E08DD5791DC876BB00064283 /* HBBicyclePopView.m in Sources */,
				E06DD0D61DDAC16B0024039D /* HBQuickSearchCell.m in Sources */,
				E040861E1DF685F800457E23 /* MainNaviViewController.m in Sources */,
				E09E603A1DD1B65900956F1C /* HBOfflineMapCell.m in Sources */,
				E013EDD91DC9C3D5008F4259 /* HBBicyclePointAnnotation.m in Sources */,
				E04086251DF7DA4500457E23 /* HBNaviMenuView.m in Sources */,
				E0CF37351DDEBF03002F9746 /* HBHUDManager.m in Sources */,
				E08DD5761DC7401900064283 /* HBLocationButton.m in Sources */,
				E06DD0DF1DDB22310024039D /* HBStationsViewController.m in Sources */,
				E013EDE51DCC835E008F4259 /* MainSettingViewController.m in Sources */,
				E0630AA21DB9C44C0012EA3A /* AppDelegate.m in Sources */,
				E013EDE21DCC642F008F4259 /* UIButton+FHExtension.m in Sources */,
				E06DD0DB1DDAD6FE0024039D /* HBSearchResultCell.m in Sources */,
				E0630AF41DBDB41C0012EA3A /* NSDictionary+FHExtension.m in Sources */,
				E08DD57E1DC87C3900064283 /* ViewController.m in Sources */,
				E0CF37241DDBF843002F9746 /* HBStationCell.m in Sources */,
				E0CF371C1DDBF261002F9746 /* UIImage+FHExtension.m in Sources */,
				E06DD0CD1DDAA0D00024039D /* MainSearchViewController.m in Sources */,
				E029C2351DD1A74F00FC017B /* HBBaseViewController.m in Sources */,
				E013EDE91DCC8B09008F4259 /* HBBicycleNavigationController.m in Sources */,
				E06DD0CA1DD9F3BC0024039D /* HBSearchBar.m in Sources */,
				E00C937B1E011E7D009D4775 /* UIView+FHExtension.m in Sources */,
				E029C2311DD19A8000FC017B /* HBBicycleAccuracyCell.m in Sources */,
				E06DD0D11DDAAB7C0024039D /* HBSearchTransition.m in Sources */,
				E0630A9F1DB9C44C0012EA3A /* main.m in Sources */,
				E08DD5711DC6F90700064283 /* HBOfflineMapManager.m in Sources */,
				E0630ADA1DB9F04A0012EA3A /* HBRequestManager.m in Sources */,
				E001D0661DEE7D3C00CCE77F /* HBNaviManager.m in Sources */,
				E0630AE61DB9F1710012EA3A /* HBBicycleBaseModel.m in Sources */,
				E0CF37281DDD7C9F002F9746 /* HBPresentStationViewController.m in Sources */,
				E06DD0E31DDB31980024039D /* HBStationsFlowLayout.m in Sources */,
				E0630AD71DB9F0220012EA3A /* HBBaseDataModel.m in Sources */,
				E029C22C1DD199A700FC017B /* UINavigationBar+Awesome.m in Sources */,
				E08DD5811DC8984900064283 /* HBBicycleAnnotationView.m in Sources */,
				E013EDDE1DCC5B90008F4259 /* HBBaseRoundButton.m in Sources */,
				E09E603F1DD2C1BF00956F1C /* HBDownloadButton.m in Sources */,
				E0E8903A1E0118DB00793154 /* HBNaviTitleView.m in Sources */,
			);
			runOnlyForDeploymentPostprocessing = 0;
		};
		E0630AAF1DB9C44C0012EA3A /* Sources */ = {
			isa = PBXSourcesBuildPhase;
			buildActionMask = 2147483647;
			files = (
				E0630AB81DB9C44C0012EA3A /* HZBicycleTests.m in Sources */,
			);
			runOnlyForDeploymentPostprocessing = 0;
		};
		E0630ABA1DB9C44C0012EA3A /* Sources */ = {
			isa = PBXSourcesBuildPhase;
			buildActionMask = 2147483647;
			files = (
				E0630AC31DB9C44C0012EA3A /* HZBicycleUITests.m in Sources */,
			);
			runOnlyForDeploymentPostprocessing = 0;
		};
/* End PBXSourcesBuildPhase section */

/* Begin PBXTargetDependency section */
		E0630AB51DB9C44C0012EA3A /* PBXTargetDependency */ = {
			isa = PBXTargetDependency;
			target = E0630A991DB9C44C0012EA3A /* HZBicycle */;
			targetProxy = E0630AB41DB9C44C0012EA3A /* PBXContainerItemProxy */;
		};
		E0630AC01DB9C44C0012EA3A /* PBXTargetDependency */ = {
			isa = PBXTargetDependency;
			target = E0630A991DB9C44C0012EA3A /* HZBicycle */;
			targetProxy = E0630ABF1DB9C44C0012EA3A /* PBXContainerItemProxy */;
		};
/* End PBXTargetDependency section */

/* Begin PBXVariantGroup section */
		E0630AA61DB9C44C0012EA3A /* Main.storyboard */ = {
			isa = PBXVariantGroup;
			children = (
				E0630AA71DB9C44C0012EA3A /* Base */,
			);
			name = Main.storyboard;
			sourceTree = "<group>";
		};
		E0630AAB1DB9C44C0012EA3A /* LaunchScreen.storyboard */ = {
			isa = PBXVariantGroup;
			children = (
				E0630AAC1DB9C44C0012EA3A /* Base */,
			);
			name = LaunchScreen.storyboard;
			sourceTree = "<group>";
		};
/* End PBXVariantGroup section */

/* Begin XCBuildConfiguration section */
		E0630AC51DB9C44C0012EA3A /* Debug */ = {
			isa = XCBuildConfiguration;
			buildSettings = {
				ALWAYS_SEARCH_USER_PATHS = NO;
				CLANG_ANALYZER_NONNULL = YES;
				CLANG_CXX_LANGUAGE_STANDARD = "gnu++0x";
				CLANG_CXX_LIBRARY = "libc++";
				CLANG_ENABLE_MODULES = YES;
				CLANG_ENABLE_OBJC_ARC = YES;
				CLANG_WARN_BOOL_CONVERSION = YES;
				CLANG_WARN_CONSTANT_CONVERSION = YES;
				CLANG_WARN_DIRECT_OBJC_ISA_USAGE = YES_ERROR;
				CLANG_WARN_DOCUMENTATION_COMMENTS = YES;
				CLANG_WARN_EMPTY_BODY = YES;
				CLANG_WARN_ENUM_CONVERSION = YES;
				CLANG_WARN_INFINITE_RECURSION = YES;
				CLANG_WARN_INT_CONVERSION = YES;
				CLANG_WARN_OBJC_ROOT_CLASS = YES_ERROR;
				CLANG_WARN_SUSPICIOUS_MOVE = YES;
				CLANG_WARN_SUSPICIOUS_MOVES = YES;
				CLANG_WARN_UNREACHABLE_CODE = YES;
				CLANG_WARN__DUPLICATE_METHOD_MATCH = YES;
				CODE_SIGN_IDENTITY = "iPhone Developer";
				"CODE_SIGN_IDENTITY[sdk=iphoneos*]" = "iPhone Developer";
				COPY_PHASE_STRIP = NO;
				DEBUG_INFORMATION_FORMAT = dwarf;
				ENABLE_STRICT_OBJC_MSGSEND = YES;
				ENABLE_TESTABILITY = YES;
				GCC_C_LANGUAGE_STANDARD = gnu99;
				GCC_DYNAMIC_NO_PIC = NO;
				GCC_NO_COMMON_BLOCKS = YES;
				GCC_OPTIMIZATION_LEVEL = 0;
				GCC_PRECOMPILE_PREFIX_HEADER = YES;
				GCC_PREFIX_HEADER = /Users/madao/Documents/iOSDevelop/GithubRepositories/HZBicycle/HZBicycle/PrefixHeader.pch;
				GCC_PREPROCESSOR_DEFINITIONS = (
					"DEBUG=1",
					"$(inherited)",
				);
				GCC_WARN_64_TO_32_BIT_CONVERSION = YES;
				GCC_WARN_ABOUT_RETURN_TYPE = YES_ERROR;
				GCC_WARN_UNDECLARED_SELECTOR = YES;
				GCC_WARN_UNINITIALIZED_AUTOS = YES_AGGRESSIVE;
				GCC_WARN_UNUSED_FUNCTION = YES;
				GCC_WARN_UNUSED_VARIABLE = YES;
				IPHONEOS_DEPLOYMENT_TARGET = 8.0;
				MTL_ENABLE_DEBUG_INFO = YES;
				ONLY_ACTIVE_ARCH = YES;
				SDKROOT = iphoneos;
			};
			name = Debug;
		};
		E0630AC61DB9C44C0012EA3A /* Release */ = {
			isa = XCBuildConfiguration;
			buildSettings = {
				ALWAYS_SEARCH_USER_PATHS = NO;
				CLANG_ANALYZER_NONNULL = YES;
				CLANG_CXX_LANGUAGE_STANDARD = "gnu++0x";
				CLANG_CXX_LIBRARY = "libc++";
				CLANG_ENABLE_MODULES = YES;
				CLANG_ENABLE_OBJC_ARC = YES;
				CLANG_WARN_BOOL_CONVERSION = YES;
				CLANG_WARN_CONSTANT_CONVERSION = YES;
				CLANG_WARN_DIRECT_OBJC_ISA_USAGE = YES_ERROR;
				CLANG_WARN_DOCUMENTATION_COMMENTS = YES;
				CLANG_WARN_EMPTY_BODY = YES;
				CLANG_WARN_ENUM_CONVERSION = YES;
				CLANG_WARN_INFINITE_RECURSION = YES;
				CLANG_WARN_INT_CONVERSION = YES;
				CLANG_WARN_OBJC_ROOT_CLASS = YES_ERROR;
				CLANG_WARN_SUSPICIOUS_MOVE = YES;
				CLANG_WARN_SUSPICIOUS_MOVES = YES;
				CLANG_WARN_UNREACHABLE_CODE = YES;
				CLANG_WARN__DUPLICATE_METHOD_MATCH = YES;
				CODE_SIGN_IDENTITY = "iPhone Distribution: XIANG HU (8RG52VJRN9)";
				"CODE_SIGN_IDENTITY[sdk=iphoneos*]" = "iPhone Developer";
				COPY_PHASE_STRIP = NO;
				DEBUG_INFORMATION_FORMAT = "dwarf-with-dsym";
				ENABLE_NS_ASSERTIONS = NO;
				ENABLE_STRICT_OBJC_MSGSEND = YES;
				GCC_C_LANGUAGE_STANDARD = gnu99;
				GCC_NO_COMMON_BLOCKS = YES;
				GCC_PRECOMPILE_PREFIX_HEADER = YES;
				GCC_PREFIX_HEADER = /Users/madao/Documents/iOSDevelop/GithubRepositories/HZBicycle/HZBicycle/PrefixHeader.pch;
				GCC_WARN_64_TO_32_BIT_CONVERSION = YES;
				GCC_WARN_ABOUT_RETURN_TYPE = YES_ERROR;
				GCC_WARN_UNDECLARED_SELECTOR = YES;
				GCC_WARN_UNINITIALIZED_AUTOS = YES_AGGRESSIVE;
				GCC_WARN_UNUSED_FUNCTION = YES;
				GCC_WARN_UNUSED_VARIABLE = YES;
				IPHONEOS_DEPLOYMENT_TARGET = 8.0;
				MTL_ENABLE_DEBUG_INFO = NO;
				SDKROOT = iphoneos;
				VALIDATE_PRODUCT = YES;
			};
			name = Release;
		};
		E0630AC81DB9C44C0012EA3A /* Debug */ = {
			isa = XCBuildConfiguration;
			baseConfigurationReference = 65143C83E9D15029B55E1BAF /* Pods-HZBicycle.debug.xcconfig */;
			buildSettings = {
				ASSETCATALOG_COMPILER_APPICON_NAME = AppIcon;
				"CODE_SIGN_IDENTITY[sdk=iphoneos*]" = "iPhone Developer";
				DEVELOPMENT_TEAM = 8RG52VJRN9;
				GCC_PRECOMPILE_PREFIX_HEADER = YES;
				GCC_PREFIX_HEADER = /Users/madao/Documents/iOSDevelop/GithubRepositories/HZBicycle/HZBicycle/PrefixHeader.pch;
				INFOPLIST_FILE = HZBicycle/Info.plist;
				IPHONEOS_DEPLOYMENT_TARGET = 8.0;
				LD_RUNPATH_SEARCH_PATHS = "$(inherited) @executable_path/Frameworks";
				PRODUCT_BUNDLE_IDENTIFIER = com.MADAO.HXBicycle;
				PRODUCT_NAME = "$(TARGET_NAME)";
				PROVISIONING_PROFILE = "";
				PROVISIONING_PROFILE_SPECIFIER = "";
			};
			name = Debug;
		};
		E0630AC91DB9C44C0012EA3A /* Release */ = {
			isa = XCBuildConfiguration;
			baseConfigurationReference = 0CBA75B2B4F8B78B4418E98B /* Pods-HZBicycle.release.xcconfig */;
			buildSettings = {
				ASSETCATALOG_COMPILER_APPICON_NAME = AppIcon;
				"CODE_SIGN_IDENTITY[sdk=iphoneos*]" = "iPhone Developer";
				DEVELOPMENT_TEAM = 8RG52VJRN9;
				GCC_PRECOMPILE_PREFIX_HEADER = YES;
				GCC_PREFIX_HEADER = /Users/madao/Documents/iOSDevelop/GithubRepositories/HZBicycle/HZBicycle/PrefixHeader.pch;
				INFOPLIST_FILE = HZBicycle/Info.plist;
				IPHONEOS_DEPLOYMENT_TARGET = 8.0;
				LD_RUNPATH_SEARCH_PATHS = "$(inherited) @executable_path/Frameworks";
				PRODUCT_BUNDLE_IDENTIFIER = com.MADAO.HXBicycle;
				PRODUCT_NAME = "$(TARGET_NAME)";
				PROVISIONING_PROFILE = "";
				PROVISIONING_PROFILE_SPECIFIER = "";
			};
			name = Release;
		};
		E0630ACB1DB9C44C0012EA3A /* Debug */ = {
			isa = XCBuildConfiguration;
			baseConfigurationReference = C9B3D3E98A72296CAC18F66B /* Pods-HZBicycleTests.debug.xcconfig */;
			buildSettings = {
				BUNDLE_LOADER = "$(TEST_HOST)";
				DEVELOPMENT_TEAM = H3MEX3W3VV;
				INFOPLIST_FILE = HZBicycleTests/Info.plist;
				LD_RUNPATH_SEARCH_PATHS = "$(inherited) @executable_path/Frameworks @loader_path/Frameworks";
				PRODUCT_BUNDLE_IDENTIFIER = com.MADAO.HZBicycleTests;
				PRODUCT_NAME = "$(TARGET_NAME)";
				TEST_HOST = "$(BUILT_PRODUCTS_DIR)/HZBicycle.app/HZBicycle";
			};
			name = Debug;
		};
		E0630ACC1DB9C44C0012EA3A /* Release */ = {
			isa = XCBuildConfiguration;
			baseConfigurationReference = D38ED513A0D7E76B230AB75F /* Pods-HZBicycleTests.release.xcconfig */;
			buildSettings = {
				BUNDLE_LOADER = "$(TEST_HOST)";
				DEVELOPMENT_TEAM = H3MEX3W3VV;
				INFOPLIST_FILE = HZBicycleTests/Info.plist;
				LD_RUNPATH_SEARCH_PATHS = "$(inherited) @executable_path/Frameworks @loader_path/Frameworks";
				PRODUCT_BUNDLE_IDENTIFIER = com.MADAO.HZBicycleTests;
				PRODUCT_NAME = "$(TARGET_NAME)";
				TEST_HOST = "$(BUILT_PRODUCTS_DIR)/HZBicycle.app/HZBicycle";
			};
			name = Release;
		};
		E0630ACE1DB9C44C0012EA3A /* Debug */ = {
			isa = XCBuildConfiguration;
			baseConfigurationReference = C5C57AC82A4FB62BFD3D11CF /* Pods-HZBicycleUITests.debug.xcconfig */;
			buildSettings = {
				DEVELOPMENT_TEAM = H3MEX3W3VV;
				INFOPLIST_FILE = HZBicycleUITests/Info.plist;
				LD_RUNPATH_SEARCH_PATHS = "$(inherited) @executable_path/Frameworks @loader_path/Frameworks";
				PRODUCT_BUNDLE_IDENTIFIER = com.MADAO.HZBicycleUITests;
				PRODUCT_NAME = "$(TARGET_NAME)";
				TEST_TARGET_NAME = HZBicycle;
			};
			name = Debug;
		};
		E0630ACF1DB9C44C0012EA3A /* Release */ = {
			isa = XCBuildConfiguration;
			baseConfigurationReference = 333A91589889BE4F39C78F19 /* Pods-HZBicycleUITests.release.xcconfig */;
			buildSettings = {
				DEVELOPMENT_TEAM = H3MEX3W3VV;
				INFOPLIST_FILE = HZBicycleUITests/Info.plist;
				LD_RUNPATH_SEARCH_PATHS = "$(inherited) @executable_path/Frameworks @loader_path/Frameworks";
				PRODUCT_BUNDLE_IDENTIFIER = com.MADAO.HZBicycleUITests;
				PRODUCT_NAME = "$(TARGET_NAME)";
				TEST_TARGET_NAME = HZBicycle;
			};
			name = Release;
		};
/* End XCBuildConfiguration section */

/* Begin XCConfigurationList section */
		E0630A951DB9C44C0012EA3A /* Build configuration list for PBXProject "HZBicycle" */ = {
			isa = XCConfigurationList;
			buildConfigurations = (
				E0630AC51DB9C44C0012EA3A /* Debug */,
				E0630AC61DB9C44C0012EA3A /* Release */,
			);
			defaultConfigurationIsVisible = 0;
			defaultConfigurationName = Release;
		};
		E0630AC71DB9C44C0012EA3A /* Build configuration list for PBXNativeTarget "HZBicycle" */ = {
			isa = XCConfigurationList;
			buildConfigurations = (
				E0630AC81DB9C44C0012EA3A /* Debug */,
				E0630AC91DB9C44C0012EA3A /* Release */,
			);
			defaultConfigurationIsVisible = 0;
			defaultConfigurationName = Release;
		};
		E0630ACA1DB9C44C0012EA3A /* Build configuration list for PBXNativeTarget "HZBicycleTests" */ = {
			isa = XCConfigurationList;
			buildConfigurations = (
				E0630ACB1DB9C44C0012EA3A /* Debug */,
				E0630ACC1DB9C44C0012EA3A /* Release */,
			);
			defaultConfigurationIsVisible = 0;
			defaultConfigurationName = Release;
		};
		E0630ACD1DB9C44C0012EA3A /* Build configuration list for PBXNativeTarget "HZBicycleUITests" */ = {
			isa = XCConfigurationList;
			buildConfigurations = (
				E0630ACE1DB9C44C0012EA3A /* Debug */,
				E0630ACF1DB9C44C0012EA3A /* Release */,
			);
			defaultConfigurationIsVisible = 0;
			defaultConfigurationName = Release;
		};
/* End XCConfigurationList section */
	};
	rootObject = E0630A921DB9C44C0012EA3A /* Project object */;
}
